// !$*UTF8*$!
{
	archiveVersion = 1;
	classes = {
	};
	objectVersion = 55;
	objects = {

/* Begin PBXBuildFile section */
		106867B52768CB3200F83BC7 /* AppDelegate.swift in Sources */ = {isa = PBXBuildFile; fileRef = 106867B42768CB3200F83BC7 /* AppDelegate.swift */; };
		106867B72768CB3200F83BC7 /* SceneDelegate.swift in Sources */ = {isa = PBXBuildFile; fileRef = 106867B62768CB3200F83BC7 /* SceneDelegate.swift */; };
		106867B92768CB3200F83BC7 /* ViewController.swift in Sources */ = {isa = PBXBuildFile; fileRef = 106867B82768CB3200F83BC7 /* ViewController.swift */; };
		106867BC2768CB3200F83BC7 /* Main.storyboard in Resources */ = {isa = PBXBuildFile; fileRef = 106867BA2768CB3200F83BC7 /* Main.storyboard */; };
		106867BE2768CB3500F83BC7 /* Assets.xcassets in Resources */ = {isa = PBXBuildFile; fileRef = 106867BD2768CB3500F83BC7 /* Assets.xcassets */; };
		106867C12768CB3500F83BC7 /* LaunchScreen.storyboard in Resources */ = {isa = PBXBuildFile; fileRef = 106867BF2768CB3500F83BC7 /* LaunchScreen.storyboard */; };
		106867C92768D5D200F83BC7 /* CryptoTableViewCell.swift in Sources */ = {isa = PBXBuildFile; fileRef = 106867C82768D5D200F83BC7 /* CryptoTableViewCell.swift */; };
		106867CF2768DD4700F83BC7 /* CryptoCurrency.swift in Sources */ = {isa = PBXBuildFile; fileRef = 106867CE2768DD4700F83BC7 /* CryptoCurrency.swift */; };
		106867D12768E20A00F83BC7 /* WebService.swift in Sources */ = {isa = PBXBuildFile; fileRef = 106867D02768E20A00F83BC7 /* WebService.swift */; };
		109B7784276A1554004159D3 /* CryptoViewModel.swift in Sources */ = {isa = PBXBuildFile; fileRef = 109B7783276A1554004159D3 /* CryptoViewModel.swift */; };
/* End PBXBuildFile section */

/* Begin PBXFileReference section */
		106867B12768CB3200F83BC7 /* MVVMCryptoExample.app */ = {isa = PBXFileReference; explicitFileType = wrapper.application; includeInIndex = 0; path = MVVMCryptoExample.app; sourceTree = BUILT_PRODUCTS_DIR; };
		106867B42768CB3200F83BC7 /* AppDelegate.swift */ = {isa = PBXFileReference; lastKnownFileType = sourcecode.swift; path = AppDelegate.swift; sourceTree = "<group>"; };
		106867B62768CB3200F83BC7 /* SceneDelegate.swift */ = {isa = PBXFileReference; lastKnownFileType = sourcecode.swift; path = SceneDelegate.swift; sourceTree = "<group>"; };
		106867B82768CB3200F83BC7 /* ViewController.swift */ = {isa = PBXFileReference; lastKnownFileType = sourcecode.swift; path = ViewController.swift; sourceTree = "<group>"; };
		106867BB2768CB3200F83BC7 /* Base */ = {isa = PBXFileReference; lastKnownFileType = file.storyboard; name = Base; path = Base.lproj/Main.storyboard; sourceTree = "<group>"; };
		106867BD2768CB3500F83BC7 /* Assets.xcassets */ = {isa = PBXFileReference; lastKnownFileType = folder.assetcatalog; path = Assets.xcassets; sourceTree = "<group>"; };
		106867C02768CB3500F83BC7 /* Base */ = {isa = PBXFileReference; lastKnownFileType = file.storyboard; name = Base; path = Base.lproj/LaunchScreen.storyboard; sourceTree = "<group>"; };
		106867C22768CB3500F83BC7 /* Info.plist */ = {isa = PBXFileReference; lastKnownFileType = text.plist.xml; path = Info.plist; sourceTree = "<group>"; };
		106867C82768D5D200F83BC7 /* CryptoTableViewCell.swift */ = {isa = PBXFileReference; lastKnownFileType = sourcecode.swift; path = CryptoTableViewCell.swift; sourceTree = "<group>"; };
		106867CE2768DD4700F83BC7 /* CryptoCurrency.swift */ = {isa = PBXFileReference; lastKnownFileType = sourcecode.swift; path = CryptoCurrency.swift; sourceTree = "<group>"; };
		106867D02768E20A00F83BC7 /* WebService.swift */ = {isa = PBXFileReference; lastKnownFileType = sourcecode.swift; path = WebService.swift; sourceTree = "<group>"; };
		109B7783276A1554004159D3 /* CryptoViewModel.swift */ = {isa = PBXFileReference; lastKnownFileType = sourcecode.swift; path = CryptoViewModel.swift; sourceTree = "<group>"; };
/* End PBXFileReference section */

/* Begin PBXFrameworksBuildPhase section */
		106867AE2768CB3200F83BC7 /* Frameworks */ = {
			isa = PBXFrameworksBuildPhase;
			buildActionMask = 2147483647;
			files = (
			);
			runOnlyForDeploymentPostprocessing = 0;
		};
/* End PBXFrameworksBuildPhase section */

/* Begin PBXGroup section */
		106867A82768CB3200F83BC7 = {
			isa = PBXGroup;
			children = (
				106867B32768CB3200F83BC7 /* MVVMCryptoExample */,
				106867B22768CB3200F83BC7 /* Products */,
			);
			sourceTree = "<group>";
		};
		106867B22768CB3200F83BC7 /* Products */ = {
			isa = PBXGroup;
			children = (
				106867B12768CB3200F83BC7 /* MVVMCryptoExample.app */,
			);
			name = Products;
			sourceTree = "<group>";
		};
		106867B32768CB3200F83BC7 /* MVVMCryptoExample */ = {
			isa = PBXGroup;
			children = (
				106867CD2768DCE800F83BC7 /* Service */,
				106867CC2768DCD000F83BC7 /* ViewModel */,
				106867CB2768DCC600F83BC7 /* Model */,
				106867CA2768DCBC00F83BC7 /* View */,
				106867BA2768CB3200F83BC7 /* Main.storyboard */,
				106867BD2768CB3500F83BC7 /* Assets.xcassets */,
				106867BF2768CB3500F83BC7 /* LaunchScreen.storyboard */,
				106867C22768CB3500F83BC7 /* Info.plist */,
			);
			path = MVVMCryptoExample;
			sourceTree = "<group>";
		};
		106867CA2768DCBC00F83BC7 /* View */ = {
			isa = PBXGroup;
			children = (
				106867B42768CB3200F83BC7 /* AppDelegate.swift */,
				106867B62768CB3200F83BC7 /* SceneDelegate.swift */,
				106867B82768CB3200F83BC7 /* ViewController.swift */,
				106867C82768D5D200F83BC7 /* CryptoTableViewCell.swift */,
			);
			path = View;
			sourceTree = "<group>";
		};
		106867CB2768DCC600F83BC7 /* Model */ = {
			isa = PBXGroup;
			children = (
				106867CE2768DD4700F83BC7 /* CryptoCurrency.swift */,
			);
			path = Model;
			sourceTree = "<group>";
		};
		106867CC2768DCD000F83BC7 /* ViewModel */ = {
			isa = PBXGroup;
			children = (
				109B7783276A1554004159D3 /* CryptoViewModel.swift */,
			);
			path = ViewModel;
			sourceTree = "<group>";
		};
		106867CD2768DCE800F83BC7 /* Service */ = {
			isa = PBXGroup;
			children = (
				106867D02768E20A00F83BC7 /* WebService.swift */,
			);
			path = Service;
			sourceTree = "<group>";
		};
/* End PBXGroup section */

/* Begin PBXNativeTarget section */
		106867B02768CB3200F83BC7 /* MVVMCryptoExample */ = {
			isa = PBXNativeTarget;
			buildConfigurationList = 106867C52768CB3500F83BC7 /* Build configuration list for PBXNativeTarget "MVVMCryptoExample" */;
			buildPhases = (
				106867AD2768CB3200F83BC7 /* Sources */,
				106867AE2768CB3200F83BC7 /* Frameworks */,
				106867AF2768CB3200F83BC7 /* Resources */,
			);
			buildRules = (
			);
			dependencies = (
			);
			name = MVVMCryptoExample;
			productName = MVVMCryptoExample;
			productReference = 106867B12768CB3200F83BC7 /* MVVMCryptoExample.app */;
			productType = "com.apple.product-type.application";
		};
/* End PBXNativeTarget section */

/* Begin PBXProject section */
		106867A92768CB3200F83BC7 /* Project object */ = {
			isa = PBXProject;
			attributes = {
				BuildIndependentTargetsInParallel = 1;
				LastSwiftUpdateCheck = 1310;
				LastUpgradeCheck = 1310;
				TargetAttributes = {
					106867B02768CB3200F83BC7 = {
						CreatedOnToolsVersion = 13.1;
					};
				};
			};
			buildConfigurationList = 106867AC2768CB3200F83BC7 /* Build configuration list for PBXProject "MVVMCryptoExample" */;
			compatibilityVersion = "Xcode 13.0";
			developmentRegion = en;
			hasScannedForEncodings = 0;
			knownRegions = (
				en,
				Base,
			);
			mainGroup = 106867A82768CB3200F83BC7;
			productRefGroup = 106867B22768CB3200F83BC7 /* Products */;
			projectDirPath = "";
			projectRoot = "";
			targets = (
				106867B02768CB3200F83BC7 /* MVVMCryptoExample */,
			);
		};
/* End PBXProject section */

/* Begin PBXResourcesBuildPhase section */
		106867AF2768CB3200F83BC7 /* Resources */ = {
			isa = PBXResourcesBuildPhase;
			buildActionMask = 2147483647;
			files = (
				106867C12768CB3500F83BC7 /* LaunchScreen.storyboard in Resources */,
				106867BE2768CB3500F83BC7 /* Assets.xcassets in Resources */,
				106867BC2768CB3200F83BC7 /* Main.storyboard in Resources */,
			);
			runOnlyForDeploymentPostprocessing = 0;
		};
/* End PBXResourcesBuildPhase section */

/* Begin PBXSourcesBuildPhase section */
		106867AD2768CB3200F83BC7 /* Sources */ = {
			isa = PBXSourcesBuildPhase;
			buildActionMask = 2147483647;
			files = (
				106867D12768E20A00F83BC7 /* WebService.swift in Sources */,
				106867C92768D5D200F83BC7 /* CryptoTableViewCell.swift in Sources */,
				106867B92768CB3200F83BC7 /* ViewController.swift in Sources */,
				109B7784276A1554004159D3 /* CryptoViewModel.swift in Sources */,
				106867B52768CB3200F83BC7 /* AppDelegate.swift in Sources */,
				106867CF2768DD4700F83BC7 /* CryptoCurrency.swift in Sources */,
				106867B72768CB3200F83BC7 /* SceneDelegate.swift in Sources */,
			);
			runOnlyForDeploymentPostprocessing = 0;
		};
/* End PBXSourcesBuildPhase section */

/* Begin PBXVariantGroup section */
		106867BA2768CB3200F83BC7 /* Main.storyboard */ = {
			isa = PBXVariantGroup;
			children = (
				106867BB2768CB3200F83BC7 /* Base */,
			);
			name = Main.storyboard;
			sourceTree = "<group>";
		};
		106867BF2768CB3500F83BC7 /* LaunchScreen.storyboard */ = {
			isa = PBXVariantGroup;
			children = (
				106867C02768CB3500F83BC7 /* Base */,
			);
			name = LaunchScreen.storyboard;
			sourceTree = "<group>";
		};
/* End PBXVariantGroup section */

/* Begin XCBuildConfiguration section */
		106867C32768CB3500F83BC7 /* Debug */ = {
			isa = XCBuildConfiguration;
			buildSettings = {
				ALWAYS_SEARCH_USER_PATHS = NO;
				CLANG_ANALYZER_NONNULL = YES;
				CLANG_ANALYZER_NUMBER_OBJECT_CONVERSION = YES_AGGRESSIVE;
				CLANG_CXX_LANGUAGE_STANDARD = "gnu++17";
				CLANG_CXX_LIBRARY = "libc++";
				CLANG_ENABLE_MODULES = YES;
				CLANG_ENABLE_OBJC_ARC = YES;
				CLANG_ENABLE_OBJC_WEAK = YES;
				CLANG_WARN_BLOCK_CAPTURE_AUTORELEASING = YES;
				CLANG_WARN_BOOL_CONVERSION = YES;
				CLANG_WARN_COMMA = YES;
				CLANG_WARN_CONSTANT_CONVERSION = YES;
				CLANG_WARN_DEPRECATED_OBJC_IMPLEMENTATIONS = YES;
				CLANG_WARN_DIRECT_OBJC_ISA_USAGE = YES_ERROR;
				CLANG_WARN_DOCUMENTATION_COMMENTS = YES;
				CLANG_WARN_EMPTY_BODY = YES;
				CLANG_WARN_ENUM_CONVERSION = YES;
				CLANG_WARN_INFINITE_RECURSION = YES;
				CLANG_WARN_INT_CONVERSION = YES;
				CLANG_WARN_NON_LITERAL_NULL_CONVERSION = YES;
				CLANG_WARN_OBJC_IMPLICIT_RETAIN_SELF = YES;
				CLANG_WARN_OBJC_LITERAL_CONVERSION = YES;
				CLANG_WARN_OBJC_ROOT_CLASS = YES_ERROR;
				CLANG_WARN_QUOTED_INCLUDE_IN_FRAMEWORK_HEADER = YES;
				CLANG_WARN_RANGE_LOOP_ANALYSIS = YES;
				CLANG_WARN_STRICT_PROTOTYPES = YES;
				CLANG_WARN_SUSPICIOUS_MOVE = YES;
				CLANG_WARN_UNGUARDED_AVAILABILITY = YES_AGGRESSIVE;
				CLANG_WARN_UNREACHABLE_CODE = YES;
				CLANG_WARN__DUPLICATE_METHOD_MATCH = YES;
				COPY_PHASE_STRIP = NO;
				DEBUG_INFORMATION_FORMAT = dwarf;
				ENABLE_STRICT_OBJC_MSGSEND = YES;
				ENABLE_TESTABILITY = YES;
				GCC_C_LANGUAGE_STANDARD = gnu11;
				GCC_DYNAMIC_NO_PIC = NO;
				GCC_NO_COMMON_BLOCKS = YES;
				GCC_OPTIMIZATION_LEVEL = 0;
				GCC_PREPROCESSOR_DEFINITIONS = (
					"DEBUG=1",
					"$(inherited)",
				);
				GCC_WARN_64_TO_32_BIT_CONVERSION = YES;
				GCC_WARN_ABOUT_RETURN_TYPE = YES_ERROR;
				GCC_WARN_UNDECLARED_SELECTOR = YES;
				GCC_WARN_UNINITIALIZED_AUTOS = YES_AGGRESSIVE;
				GCC_WARN_UNUSED_FUNCTION = YES;
				GCC_WARN_UNUSED_VARIABLE = YES;
				IPHONEOS_DEPLOYMENT_TARGET = 15.0;
				MTL_ENABLE_DEBUG_INFO = INCLUDE_SOURCE;
				MTL_FAST_MATH = YES;
				ONLY_ACTIVE_ARCH = YES;
				SDKROOT = iphoneos;
				SWIFT_ACTIVE_COMPILATION_CONDITIONS = DEBUG;
				SWIFT_OPTIMIZATION_LEVEL = "-Onone";
			};
			name = Debug;
		};
		106867C42768CB3500F83BC7 /* Release */ = {
			isa = XCBuildConfiguration;
			buildSettings = {
				ALWAYS_SEARCH_USER_PATHS = NO;
				CLANG_ANALYZER_NONNULL = YES;
				CLANG_ANALYZER_NUMBER_OBJECT_CONVERSION = YES_AGGRESSIVE;
				CLANG_CXX_LANGUAGE_STANDARD = "gnu++17";
				CLANG_CXX_LIBRARY = "libc++";
				CLANG_ENABLE_MODULES = YES;
				CLANG_ENABLE_OBJC_ARC = YES;
				CLANG_ENABLE_OBJC_WEAK = YES;
				CLANG_WARN_BLOCK_CAPTURE_AUTORELEASING = YES;
				CLANG_WARN_BOOL_CONVERSION = YES;
				CLANG_WARN_COMMA = YES;
				CLANG_WARN_CONSTANT_CONVERSION = YES;
				CLANG_WARN_DEPRECATED_OBJC_IMPLEMENTATIONS = YES;
				CLANG_WARN_DIRECT_OBJC_ISA_USAGE = YES_ERROR;
				CLANG_WARN_DOCUMENTATION_COMMENTS = YES;
				CLANG_WARN_EMPTY_BODY = YES;
				CLANG_WARN_ENUM_CONVERSION = YES;
				CLANG_WARN_INFINITE_RECURSION = YES;
				CLANG_WARN_INT_CONVERSION = YES;
				CLANG_WARN_NON_LITERAL_NULL_CONVERSION = YES;
				CLANG_WARN_OBJC_IMPLICIT_RETAIN_SELF = YES;
				CLANG_WARN_OBJC_LITERAL_CONVERSION = YES;
				CLANG_WARN_OBJC_ROOT_CLASS = YES_ERROR;
				CLANG_WARN_QUOTED_INCLUDE_IN_FRAMEWORK_HEADER = YES;
				CLANG_WARN_RANGE_LOOP_ANALYSIS = YES;
				CLANG_WARN_STRICT_PROTOTYPES = YES;
				CLANG_WARN_SUSPICIOUS_MOVE = YES;
				CLANG_WARN_UNGUARDED_AVAILABILITY = YES_AGGRESSIVE;
				CLANG_WARN_UNREACHABLE_CODE = YES;
				CLANG_WARN__DUPLICATE_METHOD_MATCH = YES;
				COPY_PHASE_STRIP = NO;
				DEBUG_INFORMATION_FORMAT = "dwarf-with-dsym";
				ENABLE_NS_ASSERTIONS = NO;
				ENABLE_STRICT_OBJC_MSGSEND = YES;
				GCC_C_LANGUAGE_STANDARD = gnu11;
				GCC_NO_COMMON_BLOCKS = YES;
				GCC_WARN_64_TO_32_BIT_CONVERSION = YES;
				GCC_WARN_ABOUT_RETURN_TYPE = YES_ERROR;
				GCC_WARN_UNDECLARED_SELECTOR = YES;
				GCC_WARN_UNINITIALIZED_AUTOS = YES_AGGRESSIVE;
				GCC_WARN_UNUSED_FUNCTION = YES;
				GCC_WARN_UNUSED_VARIABLE = YES;
				IPHONEOS_DEPLOYMENT_TARGET = 15.0;
				MTL_ENABLE_DEBUG_INFO = NO;
				MTL_FAST_MATH = YES;
				SDKROOT = iphoneos;
				SWIFT_COMPILATION_MODE = wholemodule;
				SWIFT_OPTIMIZATION_LEVEL = "-O";
				VALIDATE_PRODUCT = YES;
			};
			name = Release;
		};
		106867C62768CB3500F83BC7 /* Debug */ = {
			isa = XCBuildConfiguration;
			buildSettings = {
				ASSETCATALOG_COMPILER_APPICON_NAME = AppIcon;
				ASSETCATALOG_COMPILER_GLOBAL_ACCENT_COLOR_NAME = AccentColor;
				CODE_SIGN_STYLE = Automatic;
				CURRENT_PROJECT_VERSION = 1;
				DEVELOPMENT_TEAM = 3AKU9KR83Z;
				GENERATE_INFOPLIST_FILE = YES;
				INFOPLIST_FILE = MVVMCryptoExample/Info.plist;
				INFOPLIST_KEY_UIApplicationSupportsIndirectInputEvents = YES;
				INFOPLIST_KEY_UILaunchStoryboardName = LaunchScreen;
				INFOPLIST_KEY_UIMainStoryboardFile = Main;
				INFOPLIST_KEY_UISupportedInterfaceOrientations_iPad = "UIInterfaceOrientationPortrait UIInterfaceOrientationPortraitUpsideDown UIInterfaceOrientationLandscapeLeft UIInterfaceOrientationLandscapeRight";
				INFOPLIST_KEY_UISupportedInterfaceOrientations_iPhone = "UIInterfaceOrientationPortrait UIInterfaceOrientationLandscapeLeft UIInterfaceOrientationLandscapeRight";
				LD_RUNPATH_SEARCH_PATHS = (
					"$(inherited)",
					"@executable_path/Frameworks",
				);
				MARKETING_VERSION = 1.0;
				PRODUCT_BUNDLE_IDENTIFIER = com.burakozen.MVVMCryptoExample;
				PRODUCT_NAME = "$(TARGET_NAME)";
				SWIFT_EMIT_LOC_STRINGS = YES;
				SWIFT_VERSION = 5.0;
				TARGETED_DEVICE_FAMILY = "1,2";
			};
			name = Debug;
		};
		106867C72768CB3500F83BC7 /* Release */ = {
			isa = XCBuildConfiguration;
			buildSettings = {
				ASSETCATALOG_COMPILER_APPICON_NAME = AppIcon;
				ASSETCATALOG_COMPILER_GLOBAL_ACCENT_COLOR_NAME = AccentColor;
				CODE_SIGN_STYLE = Automatic;
				CURRENT_PROJECT_VERSION = 1;
				DEVELOPMENT_TEAM = 3AKU9KR83Z;
				GENERATE_INFOPLIST_FILE = YES;
				INFOPLIST_FILE = MVVMCryptoExample/Info.plist;
				INFOPLIST_KEY_UIApplicationSupportsIndirectInputEvents = YES;
				INFOPLIST_KEY_UILaunchStoryboardName = LaunchScreen;
				INFOPLIST_KEY_UIMainStoryboardFile = Main;
				INFOPLIST_KEY_UISupportedInterfaceOrientations_iPad = "UIInterfaceOrientationPortrait UIInterfaceOrientationPortraitUpsideDown UIInterfaceOrientationLandscapeLeft UIInterfaceOrientationLandscapeRight";
				INFOPLIST_KEY_UISupportedInterfaceOrientations_iPhone = "UIInterfaceOrientationPortrait UIInterfaceOrientationLandscapeLeft UIInterfaceOrientationLandscapeRight";
				LD_RUNPATH_SEARCH_PATHS = (
					"$(inherited)",
					"@executable_path/Frameworks",
				);
				MARKETING_VERSION = 1.0;
				PRODUCT_BUNDLE_IDENTIFIER = com.burakozen.MVVMCryptoExample;
				PRODUCT_NAME = "$(TARGET_NAME)";
				SWIFT_EMIT_LOC_STRINGS = YES;
				SWIFT_VERSION = 5.0;
				TARGETED_DEVICE_FAMILY = "1,2";
			};
			name = Release;
		};
/* End XCBuildConfiguration section */

/* Begin XCConfigurationList section */
		106867AC2768CB3200F83BC7 /* Build configuration list for PBXProject "MVVMCryptoExample" */ = {
			isa = XCConfigurationList;
			buildConfigurations = (
				106867C32768CB3500F83BC7 /* Debug */,
				106867C42768CB3500F83BC7 /* Release */,
			);
			defaultConfigurationIsVisible = 0;
			defaultConfigurationName = Release;
		};
		106867C52768CB3500F83BC7 /* Build configuration list for PBXNativeTarget "MVVMCryptoExample" */ = {
			isa = XCConfigurationList;
			buildConfigurations = (
				106867C62768CB3500F83BC7 /* Debug */,
				106867C72768CB3500F83BC7 /* Release */,
			);
			defaultConfigurationIsVisible = 0;
			defaultConfigurationName = Release;
		};
/* End XCConfigurationList section */
	};
	rootObject = 106867A92768CB3200F83BC7 /* Project object */;
}
